hash: 1b5932b9efbb269f86320bd417a03fdd647dd46b34cc26fd985aa45a2cd8e44f
updated: 2016-03-02T17:20:36.883226395-08:00
imports:
- name: github.com/aws/aws-sdk-go
  version: 13a12060f716145019378a10e2806c174356b857
  subpackages:
  - aws
  - aws/session
  - service/cloudformation
  - service/ec2
  - aws/awserr
  - aws/credentials
  - aws/client
  - aws/corehandlers
  - aws/defaults
  - aws/request
  - private/endpoints
  - aws/awsutil
  - aws/client/metadata
  - private/protocol
  - private/protocol/query
  - private/signer/v4
  - private/waiter
  - private/protocol/ec2query
  - aws/credentials/ec2rolecreds
  - aws/ec2metadata
  - private/protocol/query/queryutil
  - private/protocol/xml/xmlutil
  - private/protocol/rest
- name: github.com/coreos/coreos-cloudinit
  version: 6e9109eaa44da8734ea4c8b8aa9560fb1f6d57d3
  subpackages:
  - config/validate
  - Godeps/_workspace/src/github.com/coreos/yaml
  - config
- name: github.com/go-ini/ini
  version: 193d1ecb466bf97aae8b454a5cfc192941c64809
- name: github.com/inconshreveable/mousetrap
  version: 76626ae9c91c4f2a10f34cad8ce83ea42c93bb75
- name: github.com/jmespath/go-jmespath
  version: 0b12d6b521d83fc7f755e7cfc1b1fbdd35a01a74
- name: github.com/spf13/cobra
  version: 65a708cee0a4424f4e353d031ce440643e312f92
- name: github.com/spf13/pflag
  version: 7f60f83a2c81bc3c3c0d5297f61ddfa68da9d3b7
- name: gopkg.in/yaml.v2
  version: f7716cbe52baa25d2e9b0d0da546fcf909fc16b4
devImports: []
